// !$*UTF8*$!
{
	archiveVersion = 1;
	classes = {
	};
	objectVersion = 55;
	objects = {

/* Begin PBXBuildFile section */
		41618A5E27FD55CB00F77E99 /* ScrumsView.swift in Sources */ = {isa = PBXBuildFile; fileRef = 41618A5D27FD55CB00F77E99 /* ScrumsView.swift */; };
		4162365E27FD640A0055FF9A /* DetailView.swift in Sources */ = {isa = PBXBuildFile; fileRef = 4162365D27FD640A0055FF9A /* DetailView.swift */; };
		41623662280542C40055FF9A /* DetailEditView.swift in Sources */ = {isa = PBXBuildFile; fileRef = 41623661280542C40055FF9A /* DetailEditView.swift */; };
		BE6BB5B327FC0ED400179437 /* Tests_iOS.swift in Sources */ = {isa = PBXBuildFile; fileRef = BE6BB5B227FC0ED400179437 /* Tests_iOS.swift */; };
		BE6BB5B527FC0ED400179437 /* Tests_iOSLaunchTests.swift in Sources */ = {isa = PBXBuildFile; fileRef = BE6BB5B427FC0ED400179437 /* Tests_iOSLaunchTests.swift */; };
		BE6BB5BF27FC0ED400179437 /* Tests_macOS.swift in Sources */ = {isa = PBXBuildFile; fileRef = BE6BB5BE27FC0ED400179437 /* Tests_macOS.swift */; };
		BE6BB5C127FC0ED400179437 /* Tests_macOSLaunchTests.swift in Sources */ = {isa = PBXBuildFile; fileRef = BE6BB5C027FC0ED400179437 /* Tests_macOSLaunchTests.swift */; };
		BE6BB5C227FC0ED400179437 /* ScrumdingerApp.swift in Sources */ = {isa = PBXBuildFile; fileRef = BE6BB59A27FC0ED200179437 /* ScrumdingerApp.swift */; };
		BE6BB5C327FC0ED400179437 /* ScrumdingerApp.swift in Sources */ = {isa = PBXBuildFile; fileRef = BE6BB59A27FC0ED200179437 /* ScrumdingerApp.swift */; };
		BE6BB5C427FC0ED400179437 /* MeetingView.swift in Sources */ = {isa = PBXBuildFile; fileRef = BE6BB59B27FC0ED200179437 /* MeetingView.swift */; };
		BE6BB5C527FC0ED400179437 /* MeetingView.swift in Sources */ = {isa = PBXBuildFile; fileRef = BE6BB59B27FC0ED200179437 /* MeetingView.swift */; };
		BE6BB5C627FC0ED400179437 /* Assets.xcassets in Resources */ = {isa = PBXBuildFile; fileRef = BE6BB59C27FC0ED400179437 /* Assets.xcassets */; };
		BE6BB5C727FC0ED400179437 /* Assets.xcassets in Resources */ = {isa = PBXBuildFile; fileRef = BE6BB59C27FC0ED400179437 /* Assets.xcassets */; };
		BEF9B48E27FD384400F0F15E /* Theme.swift in Sources */ = {isa = PBXBuildFile; fileRef = BEF9B48D27FD384400F0F15E /* Theme.swift */; };
		BEF9B49027FD3B1500F0F15E /* DailyScrum.swift in Sources */ = {isa = PBXBuildFile; fileRef = BEF9B48F27FD3B1500F0F15E /* DailyScrum.swift */; };
		BEF9B49227FD3DD900F0F15E /* CardView.swift in Sources */ = {isa = PBXBuildFile; fileRef = BEF9B49127FD3DD900F0F15E /* CardView.swift */; };
		BEF9B49427FD483E00F0F15E /* TrailingIconLabelStyle.swift in Sources */ = {isa = PBXBuildFile; fileRef = BEF9B49327FD483E00F0F15E /* TrailingIconLabelStyle.swift */; };
/* End PBXBuildFile section */

/* Begin PBXContainerItemProxy section */
		BE6BB5AF27FC0ED400179437 /* PBXContainerItemProxy */ = {
			isa = PBXContainerItemProxy;
			containerPortal = BE6BB59527FC0ED200179437 /* Project object */;
			proxyType = 1;
			remoteGlobalIDString = BE6BB5A027FC0ED400179437;
			remoteInfo = "Scrumdinger (iOS)";
		};
		BE6BB5BB27FC0ED400179437 /* PBXContainerItemProxy */ = {
			isa = PBXContainerItemProxy;
			containerPortal = BE6BB59527FC0ED200179437 /* Project object */;
			proxyType = 1;
			remoteGlobalIDString = BE6BB5A627FC0ED400179437;
			remoteInfo = "Scrumdinger (macOS)";
		};
/* End PBXContainerItemProxy section */

/* Begin PBXFileReference section */
		41618A5D27FD55CB00F77E99 /* ScrumsView.swift */ = {isa = PBXFileReference; lastKnownFileType = sourcecode.swift; path = ScrumsView.swift; sourceTree = "<group>"; };
		4162365D27FD640A0055FF9A /* DetailView.swift */ = {isa = PBXFileReference; lastKnownFileType = sourcecode.swift; path = DetailView.swift; sourceTree = "<group>"; };
		41623661280542C40055FF9A /* DetailEditView.swift */ = {isa = PBXFileReference; lastKnownFileType = sourcecode.swift; path = DetailEditView.swift; sourceTree = "<group>"; };
		BE6BB59A27FC0ED200179437 /* ScrumdingerApp.swift */ = {isa = PBXFileReference; lastKnownFileType = sourcecode.swift; path = ScrumdingerApp.swift; sourceTree = "<group>"; };
		BE6BB59B27FC0ED200179437 /* MeetingView.swift */ = {isa = PBXFileReference; lastKnownFileType = sourcecode.swift; path = MeetingView.swift; sourceTree = "<group>"; };
		BE6BB59C27FC0ED400179437 /* Assets.xcassets */ = {isa = PBXFileReference; lastKnownFileType = folder.assetcatalog; path = Assets.xcassets; sourceTree = "<group>"; };
		BE6BB5A127FC0ED400179437 /* Scrumdinger.app */ = {isa = PBXFileReference; explicitFileType = wrapper.application; includeInIndex = 0; path = Scrumdinger.app; sourceTree = BUILT_PRODUCTS_DIR; };
		BE6BB5A727FC0ED400179437 /* Scrumdinger.app */ = {isa = PBXFileReference; explicitFileType = wrapper.application; includeInIndex = 0; path = Scrumdinger.app; sourceTree = BUILT_PRODUCTS_DIR; };
		BE6BB5A927FC0ED400179437 /* macOS.entitlements */ = {isa = PBXFileReference; lastKnownFileType = text.plist.entitlements; path = macOS.entitlements; sourceTree = "<group>"; };
		BE6BB5AE27FC0ED400179437 /* Tests iOS.xctest */ = {isa = PBXFileReference; explicitFileType = wrapper.cfbundle; includeInIndex = 0; path = "Tests iOS.xctest"; sourceTree = BUILT_PRODUCTS_DIR; };
		BE6BB5B227FC0ED400179437 /* Tests_iOS.swift */ = {isa = PBXFileReference; lastKnownFileType = sourcecode.swift; path = Tests_iOS.swift; sourceTree = "<group>"; };
		BE6BB5B427FC0ED400179437 /* Tests_iOSLaunchTests.swift */ = {isa = PBXFileReference; lastKnownFileType = sourcecode.swift; path = Tests_iOSLaunchTests.swift; sourceTree = "<group>"; };
		BE6BB5BA27FC0ED400179437 /* Tests macOS.xctest */ = {isa = PBXFileReference; explicitFileType = wrapper.cfbundle; includeInIndex = 0; path = "Tests macOS.xctest"; sourceTree = BUILT_PRODUCTS_DIR; };
		BE6BB5BE27FC0ED400179437 /* Tests_macOS.swift */ = {isa = PBXFileReference; lastKnownFileType = sourcecode.swift; path = Tests_macOS.swift; sourceTree = "<group>"; };
		BE6BB5C027FC0ED400179437 /* Tests_macOSLaunchTests.swift */ = {isa = PBXFileReference; lastKnownFileType = sourcecode.swift; path = Tests_macOSLaunchTests.swift; sourceTree = "<group>"; };
		BEF9B48D27FD384400F0F15E /* Theme.swift */ = {isa = PBXFileReference; lastKnownFileType = sourcecode.swift; path = Theme.swift; sourceTree = "<group>"; };
		BEF9B48F27FD3B1500F0F15E /* DailyScrum.swift */ = {isa = PBXFileReference; lastKnownFileType = sourcecode.swift; path = DailyScrum.swift; sourceTree = "<group>"; };
		BEF9B49127FD3DD900F0F15E /* CardView.swift */ = {isa = PBXFileReference; lastKnownFileType = sourcecode.swift; path = CardView.swift; sourceTree = "<group>"; };
		BEF9B49327FD483E00F0F15E /* TrailingIconLabelStyle.swift */ = {isa = PBXFileReference; lastKnownFileType = sourcecode.swift; path = TrailingIconLabelStyle.swift; sourceTree = "<group>"; };
/* End PBXFileReference section */

/* Begin PBXFrameworksBuildPhase section */
		BE6BB59E27FC0ED400179437 /* Frameworks */ = {
			isa = PBXFrameworksBuildPhase;
			buildActionMask = 2147483647;
			files = (
			);
			runOnlyForDeploymentPostprocessing = 0;
		};
		BE6BB5A427FC0ED400179437 /* Frameworks */ = {
			isa = PBXFrameworksBuildPhase;
			buildActionMask = 2147483647;
			files = (
			);
			runOnlyForDeploymentPostprocessing = 0;
		};
		BE6BB5AB27FC0ED400179437 /* Frameworks */ = {
			isa = PBXFrameworksBuildPhase;
			buildActionMask = 2147483647;
			files = (
			);
			runOnlyForDeploymentPostprocessing = 0;
		};
		BE6BB5B727FC0ED400179437 /* Frameworks */ = {
			isa = PBXFrameworksBuildPhase;
			buildActionMask = 2147483647;
			files = (
			);
			runOnlyForDeploymentPostprocessing = 0;
		};
/* End PBXFrameworksBuildPhase section */

/* Begin PBXGroup section */
		BE6BB59427FC0ED200179437 = {
			isa = PBXGroup;
			children = (
				BE6BB59927FC0ED200179437 /* Shared */,
				BE6BB5A827FC0ED400179437 /* macOS */,
				BE6BB5B127FC0ED400179437 /* Tests iOS */,
				BE6BB5BD27FC0ED400179437 /* Tests macOS */,
				BE6BB5A227FC0ED400179437 /* Products */,
			);
			sourceTree = "<group>";
		};
		BE6BB59927FC0ED200179437 /* Shared */ = {
			isa = PBXGroup;
			children = (
				BE6BB5D627FC165200179437 /* Models */,
				BE6BB59A27FC0ED200179437 /* ScrumdingerApp.swift */,
				41618A5D27FD55CB00F77E99 /* ScrumsView.swift */,
				BE6BB59B27FC0ED200179437 /* MeetingView.swift */,
				4162365D27FD640A0055FF9A /* DetailView.swift */,
				41623661280542C40055FF9A /* DetailEditView.swift */,
				BEF9B49127FD3DD900F0F15E /* CardView.swift */,
				BE6BB59C27FC0ED400179437 /* Assets.xcassets */,
			);
			path = Shared;
			sourceTree = "<group>";
		};
		BE6BB5A227FC0ED400179437 /* Products */ = {
			isa = PBXGroup;
			children = (
				BE6BB5A127FC0ED400179437 /* Scrumdinger.app */,
				BE6BB5A727FC0ED400179437 /* Scrumdinger.app */,
				BE6BB5AE27FC0ED400179437 /* Tests iOS.xctest */,
				BE6BB5BA27FC0ED400179437 /* Tests macOS.xctest */,
			);
			name = Products;
			sourceTree = "<group>";
		};
		BE6BB5A827FC0ED400179437 /* macOS */ = {
			isa = PBXGroup;
			children = (
				BE6BB5A927FC0ED400179437 /* macOS.entitlements */,
			);
			path = macOS;
			sourceTree = "<group>";
		};
		BE6BB5B127FC0ED400179437 /* Tests iOS */ = {
			isa = PBXGroup;
			children = (
				BE6BB5B227FC0ED400179437 /* Tests_iOS.swift */,
				BE6BB5B427FC0ED400179437 /* Tests_iOSLaunchTests.swift */,
			);
			path = "Tests iOS";
			sourceTree = "<group>";
		};
		BE6BB5BD27FC0ED400179437 /* Tests macOS */ = {
			isa = PBXGroup;
			children = (
				BE6BB5BE27FC0ED400179437 /* Tests_macOS.swift */,
				BE6BB5C027FC0ED400179437 /* Tests_macOSLaunchTests.swift */,
			);
			path = "Tests macOS";
			sourceTree = "<group>";
		};
		BE6BB5D627FC165200179437 /* Models */ = {
			isa = PBXGroup;
			children = (
				BEF9B49327FD483E00F0F15E /* TrailingIconLabelStyle.swift */,
				BEF9B48D27FD384400F0F15E /* Theme.swift */,
				BEF9B48F27FD3B1500F0F15E /* DailyScrum.swift */,
			);
			path = Models;
			sourceTree = "<group>";
		};
/* End PBXGroup section */

/* Begin PBXNativeTarget section */
		BE6BB5A027FC0ED400179437 /* Scrumdinger (iOS) */ = {
			isa = PBXNativeTarget;
			buildConfigurationList = BE6BB5CA27FC0ED400179437 /* Build configuration list for PBXNativeTarget "Scrumdinger (iOS)" */;
			buildPhases = (
				BE6BB59D27FC0ED400179437 /* Sources */,
				BE6BB59E27FC0ED400179437 /* Frameworks */,
				BE6BB59F27FC0ED400179437 /* Resources */,
			);
			buildRules = (
			);
			dependencies = (
			);
			name = "Scrumdinger (iOS)";
			productName = "Scrumdinger (iOS)";
			productReference = BE6BB5A127FC0ED400179437 /* Scrumdinger.app */;
			productType = "com.apple.product-type.application";
		};
		BE6BB5A627FC0ED400179437 /* Scrumdinger (macOS) */ = {
			isa = PBXNativeTarget;
			buildConfigurationList = BE6BB5CD27FC0ED400179437 /* Build configuration list for PBXNativeTarget "Scrumdinger (macOS)" */;
			buildPhases = (
				BE6BB5A327FC0ED400179437 /* Sources */,
				BE6BB5A427FC0ED400179437 /* Frameworks */,
				BE6BB5A527FC0ED400179437 /* Resources */,
			);
			buildRules = (
			);
			dependencies = (
			);
			name = "Scrumdinger (macOS)";
			productName = "Scrumdinger (macOS)";
			productReference = BE6BB5A727FC0ED400179437 /* Scrumdinger.app */;
			productType = "com.apple.product-type.application";
		};
		BE6BB5AD27FC0ED400179437 /* Tests iOS */ = {
			isa = PBXNativeTarget;
			buildConfigurationList = BE6BB5D027FC0ED400179437 /* Build configuration list for PBXNativeTarget "Tests iOS" */;
			buildPhases = (
				BE6BB5AA27FC0ED400179437 /* Sources */,
				BE6BB5AB27FC0ED400179437 /* Frameworks */,
				BE6BB5AC27FC0ED400179437 /* Resources */,
			);
			buildRules = (
			);
			dependencies = (
				BE6BB5B027FC0ED400179437 /* PBXTargetDependency */,
			);
			name = "Tests iOS";
			productName = "Tests iOS";
			productReference = BE6BB5AE27FC0ED400179437 /* Tests iOS.xctest */;
			productType = "com.apple.product-type.bundle.ui-testing";
		};
		BE6BB5B927FC0ED400179437 /* Tests macOS */ = {
			isa = PBXNativeTarget;
			buildConfigurationList = BE6BB5D327FC0ED400179437 /* Build configuration list for PBXNativeTarget "Tests macOS" */;
			buildPhases = (
				BE6BB5B627FC0ED400179437 /* Sources */,
				BE6BB5B727FC0ED400179437 /* Frameworks */,
				BE6BB5B827FC0ED400179437 /* Resources */,
			);
			buildRules = (
			);
			dependencies = (
				BE6BB5BC27FC0ED400179437 /* PBXTargetDependency */,
			);
			name = "Tests macOS";
			productName = "Tests macOS";
			productReference = BE6BB5BA27FC0ED400179437 /* Tests macOS.xctest */;
			productType = "com.apple.product-type.bundle.ui-testing";
		};
/* End PBXNativeTarget section */

/* Begin PBXProject section */
		BE6BB59527FC0ED200179437 /* Project object */ = {
			isa = PBXProject;
			attributes = {
				BuildIndependentTargetsInParallel = 1;
				LastSwiftUpdateCheck = 1330;
				LastUpgradeCheck = 1330;
				TargetAttributes = {
					BE6BB5A027FC0ED400179437 = {
						CreatedOnToolsVersion = 13.3;
					};
					BE6BB5A627FC0ED400179437 = {
						CreatedOnToolsVersion = 13.3;
					};
					BE6BB5AD27FC0ED400179437 = {
						CreatedOnToolsVersion = 13.3;
						TestTargetID = BE6BB5A027FC0ED400179437;
					};
					BE6BB5B927FC0ED400179437 = {
						CreatedOnToolsVersion = 13.3;
						TestTargetID = BE6BB5A627FC0ED400179437;
					};
				};
			};
			buildConfigurationList = BE6BB59827FC0ED200179437 /* Build configuration list for PBXProject "Scrumdinger" */;
			compatibilityVersion = "Xcode 13.0";
			developmentRegion = en;
			hasScannedForEncodings = 0;
			knownRegions = (
				en,
				Base,
			);
			mainGroup = BE6BB59427FC0ED200179437;
			productRefGroup = BE6BB5A227FC0ED400179437 /* Products */;
			projectDirPath = "";
			projectRoot = "";
			targets = (
				BE6BB5A027FC0ED400179437 /* Scrumdinger (iOS) */,
				BE6BB5A627FC0ED400179437 /* Scrumdinger (macOS) */,
				BE6BB5AD27FC0ED400179437 /* Tests iOS */,
				BE6BB5B927FC0ED400179437 /* Tests macOS */,
			);
		};
/* End PBXProject section */

/* Begin PBXResourcesBuildPhase section */
		BE6BB59F27FC0ED400179437 /* Resources */ = {
			isa = PBXResourcesBuildPhase;
			buildActionMask = 2147483647;
			files = (
				BE6BB5C627FC0ED400179437 /* Assets.xcassets in Resources */,
			);
			runOnlyForDeploymentPostprocessing = 0;
		};
		BE6BB5A527FC0ED400179437 /* Resources */ = {
			isa = PBXResourcesBuildPhase;
			buildActionMask = 2147483647;
			files = (
				BE6BB5C727FC0ED400179437 /* Assets.xcassets in Resources */,
			);
			runOnlyForDeploymentPostprocessing = 0;
		};
		BE6BB5AC27FC0ED400179437 /* Resources */ = {
			isa = PBXResourcesBuildPhase;
			buildActionMask = 2147483647;
			files = (
			);
			runOnlyForDeploymentPostprocessing = 0;
		};
		BE6BB5B827FC0ED400179437 /* Resources */ = {
			isa = PBXResourcesBuildPhase;
			buildActionMask = 2147483647;
			files = (
			);
			runOnlyForDeploymentPostprocessing = 0;
		};
/* End PBXResourcesBuildPhase section */

/* Begin PBXSourcesBuildPhase section */
		BE6BB59D27FC0ED400179437 /* Sources */ = {
			isa = PBXSourcesBuildPhase;
			buildActionMask = 2147483647;
			files = (
				BEF9B49027FD3B1500F0F15E /* DailyScrum.swift in Sources */,
				4162365E27FD640A0055FF9A /* DetailView.swift in Sources */,
				41623662280542C40055FF9A /* DetailEditView.swift in Sources */,
				BEF9B49427FD483E00F0F15E /* TrailingIconLabelStyle.swift in Sources */,
				BEF9B48E27FD384400F0F15E /* Theme.swift in Sources */,
				41618A5E27FD55CB00F77E99 /* ScrumsView.swift in Sources */,
				BE6BB5C427FC0ED400179437 /* MeetingView.swift in Sources */,
				BE6BB5C227FC0ED400179437 /* ScrumdingerApp.swift in Sources */,
				BEF9B49227FD3DD900F0F15E /* CardView.swift in Sources */,
			);
			runOnlyForDeploymentPostprocessing = 0;
		};
		BE6BB5A327FC0ED400179437 /* Sources */ = {
			isa = PBXSourcesBuildPhase;
			buildActionMask = 2147483647;
			files = (
				BE6BB5C527FC0ED400179437 /* MeetingView.swift in Sources */,
				BE6BB5C327FC0ED400179437 /* ScrumdingerApp.swift in Sources */,
			);
			runOnlyForDeploymentPostprocessing = 0;
		};
		BE6BB5AA27FC0ED400179437 /* Sources */ = {
			isa = PBXSourcesBuildPhase;
			buildActionMask = 2147483647;
			files = (
				BE6BB5B527FC0ED400179437 /* Tests_iOSLaunchTests.swift in Sources */,
				BE6BB5B327FC0ED400179437 /* Tests_iOS.swift in Sources */,
			);
			runOnlyForDeploymentPostprocessing = 0;
		};
		BE6BB5B627FC0ED400179437 /* Sources */ = {
			isa = PBXSourcesBuildPhase;
			buildActionMask = 2147483647;
			files = (
				BE6BB5C127FC0ED400179437 /* Tests_macOSLaunchTests.swift in Sources */,
				BE6BB5BF27FC0ED400179437 /* Tests_macOS.swift in Sources */,
			);
			runOnlyForDeploymentPostprocessing = 0;
		};
/* End PBXSourcesBuildPhase section */

/* Begin PBXTargetDependency section */
		BE6BB5B027FC0ED400179437 /* PBXTargetDependency */ = {
			isa = PBXTargetDependency;
			target = BE6BB5A027FC0ED400179437 /* Scrumdinger (iOS) */;
			targetProxy = BE6BB5AF27FC0ED400179437 /* PBXContainerItemProxy */;
		};
		BE6BB5BC27FC0ED400179437 /* PBXTargetDependency */ = {
			isa = PBXTargetDependency;
			target = BE6BB5A627FC0ED400179437 /* Scrumdinger (macOS) */;
			targetProxy = BE6BB5BB27FC0ED400179437 /* PBXContainerItemProxy */;
		};
/* End PBXTargetDependency section */

/* Begin XCBuildConfiguration section */
		BE6BB5C827FC0ED400179437 /* Debug */ = {
			isa = XCBuildConfiguration;
			buildSettings = {
				ALWAYS_SEARCH_USER_PATHS = NO;
				CLANG_ANALYZER_NONNULL = YES;
				CLANG_ANALYZER_NUMBER_OBJECT_CONVERSION = YES_AGGRESSIVE;
				CLANG_CXX_LANGUAGE_STANDARD = "gnu++17";
				CLANG_ENABLE_MODULES = YES;
				CLANG_ENABLE_OBJC_ARC = YES;
				CLANG_ENABLE_OBJC_WEAK = YES;
				CLANG_WARN_BLOCK_CAPTURE_AUTORELEASING = YES;
				CLANG_WARN_BOOL_CONVERSION = YES;
				CLANG_WARN_COMMA = YES;
				CLANG_WARN_CONSTANT_CONVERSION = YES;
				CLANG_WARN_DEPRECATED_OBJC_IMPLEMENTATIONS = YES;
				CLANG_WARN_DIRECT_OBJC_ISA_USAGE = YES_ERROR;
				CLANG_WARN_DOCUMENTATION_COMMENTS = YES;
				CLANG_WARN_EMPTY_BODY = YES;
				CLANG_WARN_ENUM_CONVERSION = YES;
				CLANG_WARN_INFINITE_RECURSION = YES;
				CLANG_WARN_INT_CONVERSION = YES;
				CLANG_WARN_NON_LITERAL_NULL_CONVERSION = YES;
				CLANG_WARN_OBJC_IMPLICIT_RETAIN_SELF = YES;
				CLANG_WARN_OBJC_LITERAL_CONVERSION = YES;
				CLANG_WARN_OBJC_ROOT_CLASS = YES_ERROR;
				CLANG_WARN_QUOTED_INCLUDE_IN_FRAMEWORK_HEADER = YES;
				CLANG_WARN_RANGE_LOOP_ANALYSIS = YES;
				CLANG_WARN_STRICT_PROTOTYPES = YES;
				CLANG_WARN_SUSPICIOUS_MOVE = YES;
				CLANG_WARN_UNGUARDED_AVAILABILITY = YES_AGGRESSIVE;
				CLANG_WARN_UNREACHABLE_CODE = YES;
				CLANG_WARN__DUPLICATE_METHOD_MATCH = YES;
				COPY_PHASE_STRIP = NO;
				DEBUG_INFORMATION_FORMAT = dwarf;
				ENABLE_STRICT_OBJC_MSGSEND = YES;
				ENABLE_TESTABILITY = YES;
				GCC_C_LANGUAGE_STANDARD = gnu11;
				GCC_DYNAMIC_NO_PIC = NO;
				GCC_NO_COMMON_BLOCKS = YES;
				GCC_OPTIMIZATION_LEVEL = 0;
				GCC_PREPROCESSOR_DEFINITIONS = (
					"DEBUG=1",
					"$(inherited)",
				);
				GCC_WARN_64_TO_32_BIT_CONVERSION = YES;
				GCC_WARN_ABOUT_RETURN_TYPE = YES_ERROR;
				GCC_WARN_UNDECLARED_SELECTOR = YES;
				GCC_WARN_UNINITIALIZED_AUTOS = YES_AGGRESSIVE;
				GCC_WARN_UNUSED_FUNCTION = YES;
				GCC_WARN_UNUSED_VARIABLE = YES;
				MTL_ENABLE_DEBUG_INFO = INCLUDE_SOURCE;
				MTL_FAST_MATH = YES;
				ONLY_ACTIVE_ARCH = YES;
				SWIFT_ACTIVE_COMPILATION_CONDITIONS = DEBUG;
				SWIFT_OPTIMIZATION_LEVEL = "-Onone";
			};
			name = Debug;
		};
		BE6BB5C927FC0ED400179437 /* Release */ = {
			isa = XCBuildConfiguration;
			buildSettings = {
				ALWAYS_SEARCH_USER_PATHS = NO;
				CLANG_ANALYZER_NONNULL = YES;
				CLANG_ANALYZER_NUMBER_OBJECT_CONVERSION = YES_AGGRESSIVE;
				CLANG_CXX_LANGUAGE_STANDARD = "gnu++17";
				CLANG_ENABLE_MODULES = YES;
				CLANG_ENABLE_OBJC_ARC = YES;
				CLANG_ENABLE_OBJC_WEAK = YES;
				CLANG_WARN_BLOCK_CAPTURE_AUTORELEASING = YES;
				CLANG_WARN_BOOL_CONVERSION = YES;
				CLANG_WARN_COMMA = YES;
				CLANG_WARN_CONSTANT_CONVERSION = YES;
				CLANG_WARN_DEPRECATED_OBJC_IMPLEMENTATIONS = YES;
				CLANG_WARN_DIRECT_OBJC_ISA_USAGE = YES_ERROR;
				CLANG_WARN_DOCUMENTATION_COMMENTS = YES;
				CLANG_WARN_EMPTY_BODY = YES;
				CLANG_WARN_ENUM_CONVERSION = YES;
				CLANG_WARN_INFINITE_RECURSION = YES;
				CLANG_WARN_INT_CONVERSION = YES;
				CLANG_WARN_NON_LITERAL_NULL_CONVERSION = YES;
				CLANG_WARN_OBJC_IMPLICIT_RETAIN_SELF = YES;
				CLANG_WARN_OBJC_LITERAL_CONVERSION = YES;
				CLANG_WARN_OBJC_ROOT_CLASS = YES_ERROR;
				CLANG_WARN_QUOTED_INCLUDE_IN_FRAMEWORK_HEADER = YES;
				CLANG_WARN_RANGE_LOOP_ANALYSIS = YES;
				CLANG_WARN_STRICT_PROTOTYPES = YES;
				CLANG_WARN_SUSPICIOUS_MOVE = YES;
				CLANG_WARN_UNGUARDED_AVAILABILITY = YES_AGGRESSIVE;
				CLANG_WARN_UNREACHABLE_CODE = YES;
				CLANG_WARN__DUPLICATE_METHOD_MATCH = YES;
				COPY_PHASE_STRIP = NO;
				DEBUG_INFORMATION_FORMAT = "dwarf-with-dsym";
				ENABLE_NS_ASSERTIONS = NO;
				ENABLE_STRICT_OBJC_MSGSEND = YES;
				GCC_C_LANGUAGE_STANDARD = gnu11;
				GCC_NO_COMMON_BLOCKS = YES;
				GCC_WARN_64_TO_32_BIT_CONVERSION = YES;
				GCC_WARN_ABOUT_RETURN_TYPE = YES_ERROR;
				GCC_WARN_UNDECLARED_SELECTOR = YES;
				GCC_WARN_UNINITIALIZED_AUTOS = YES_AGGRESSIVE;
				GCC_WARN_UNUSED_FUNCTION = YES;
				GCC_WARN_UNUSED_VARIABLE = YES;
				MTL_ENABLE_DEBUG_INFO = NO;
				MTL_FAST_MATH = YES;
				SWIFT_COMPILATION_MODE = wholemodule;
				SWIFT_OPTIMIZATION_LEVEL = "-O";
			};
			name = Release;
		};
		BE6BB5CB27FC0ED400179437 /* Debug */ = {
			isa = XCBuildConfiguration;
			buildSettings = {
				ASSETCATALOG_COMPILER_APPICON_NAME = AppIcon;
				ASSETCATALOG_COMPILER_GLOBAL_ACCENT_COLOR_NAME = AccentColor;
				CODE_SIGN_STYLE = Automatic;
				CURRENT_PROJECT_VERSION = 1;
				ENABLE_PREVIEWS = YES;
				GENERATE_INFOPLIST_FILE = YES;
				INFOPLIST_KEY_UIApplicationSceneManifest_Generation = YES;
				INFOPLIST_KEY_UIApplicationSupportsIndirectInputEvents = YES;
				INFOPLIST_KEY_UILaunchScreen_Generation = YES;
				INFOPLIST_KEY_UISupportedInterfaceOrientations_iPad = "UIInterfaceOrientationPortrait UIInterfaceOrientationPortraitUpsideDown UIInterfaceOrientationLandscapeLeft UIInterfaceOrientationLandscapeRight";
				INFOPLIST_KEY_UISupportedInterfaceOrientations_iPhone = "UIInterfaceOrientationPortrait UIInterfaceOrientationLandscapeLeft UIInterfaceOrientationLandscapeRight";
				IPHONEOS_DEPLOYMENT_TARGET = 15.2;
				LD_RUNPATH_SEARCH_PATHS = (
					"$(inherited)",
					"@executable_path/Frameworks",
				);
				MARKETING_VERSION = 1.0;
				PRODUCT_BUNDLE_IDENTIFIER = dev.Scrumdinger;
				PRODUCT_NAME = Scrumdinger;
				SDKROOT = iphoneos;
				SWIFT_EMIT_LOC_STRINGS = YES;
				SWIFT_VERSION = 5.0;
				TARGETED_DEVICE_FAMILY = "1,2";
			};
			name = Debug;
		};
		BE6BB5CC27FC0ED400179437 /* Release */ = {
			isa = XCBuildConfiguration;
			buildSettings = {
				ASSETCATALOG_COMPILER_APPICON_NAME = AppIcon;
				ASSETCATALOG_COMPILER_GLOBAL_ACCENT_COLOR_NAME = AccentColor;
				CODE_SIGN_STYLE = Automatic;
				CURRENT_PROJECT_VERSION = 1;
				ENABLE_PREVIEWS = YES;
				GENERATE_INFOPLIST_FILE = YES;
				INFOPLIST_KEY_UIApplicationSceneManifest_Generation = YES;
				INFOPLIST_KEY_UIApplicationSupportsIndirectInputEvents = YES;
				INFOPLIST_KEY_UILaunchScreen_Generation = YES;
				INFOPLIST_KEY_UISupportedInterfaceOrientations_iPad = "UIInterfaceOrientationPortrait UIInterfaceOrientationPortraitUpsideDown UIInterfaceOrientationLandscapeLeft UIInterfaceOrientationLandscapeRight";
				INFOPLIST_KEY_UISupportedInterfaceOrientations_iPhone = "UIInterfaceOrientationPortrait UIInterfaceOrientationLandscapeLeft UIInterfaceOrientationLandscapeRight";
				IPHONEOS_DEPLOYMENT_TARGET = 15.2;
				LD_RUNPATH_SEARCH_PATHS = (
					"$(inherited)",
					"@executable_path/Frameworks",
				);
				MARKETING_VERSION = 1.0;
				PRODUCT_BUNDLE_IDENTIFIER = dev.Scrumdinger;
				PRODUCT_NAME = Scrumdinger;
				SDKROOT = iphoneos;
				SWIFT_EMIT_LOC_STRINGS = YES;
				SWIFT_VERSION = 5.0;
				TARGETED_DEVICE_FAMILY = "1,2";
				VALIDATE_PRODUCT = YES;
			};
			name = Release;
		};
		BE6BB5CE27FC0ED400179437 /* Debug */ = {
			isa = XCBuildConfiguration;
			buildSettings = {
				ASSETCATALOG_COMPILER_APPICON_NAME = AppIcon;
				ASSETCATALOG_COMPILER_GLOBAL_ACCENT_COLOR_NAME = AccentColor;
				CODE_SIGN_ENTITLEMENTS = macOS/macOS.entitlements;
				CODE_SIGN_STYLE = Automatic;
				COMBINE_HIDPI_IMAGES = YES;
				CURRENT_PROJECT_VERSION = 1;
				ENABLE_PREVIEWS = YES;
				GENERATE_INFOPLIST_FILE = YES;
				INFOPLIST_KEY_NSHumanReadableCopyright = "";
				LD_RUNPATH_SEARCH_PATHS = (
					"$(inherited)",
					"@executable_path/../Frameworks",
				);
				MACOSX_DEPLOYMENT_TARGET = 12.1;
				MARKETING_VERSION = 1.0;
				PRODUCT_BUNDLE_IDENTIFIER = dev.Scrumdinger;
				PRODUCT_NAME = Scrumdinger;
				SDKROOT = macosx;
				SWIFT_EMIT_LOC_STRINGS = YES;
				SWIFT_VERSION = 5.0;
			};
			name = Debug;
		};
		BE6BB5CF27FC0ED400179437 /* Release */ = {
			isa = XCBuildConfiguration;
			buildSettings = {
				ASSETCATALOG_COMPILER_APPICON_NAME = AppIcon;
				ASSETCATALOG_COMPILER_GLOBAL_ACCENT_COLOR_NAME = AccentColor;
				CODE_SIGN_ENTITLEMENTS = macOS/macOS.entitlements;
				CODE_SIGN_STYLE = Automatic;
				COMBINE_HIDPI_IMAGES = YES;
				CURRENT_PROJECT_VERSION = 1;
				ENABLE_PREVIEWS = YES;
				GENERATE_INFOPLIST_FILE = YES;
				INFOPLIST_KEY_NSHumanReadableCopyright = "";
				LD_RUNPATH_SEARCH_PATHS = (
					"$(inherited)",
					"@executable_path/../Frameworks",
				);
				MACOSX_DEPLOYMENT_TARGET = 12.1;
				MARKETING_VERSION = 1.0;
				PRODUCT_BUNDLE_IDENTIFIER = dev.Scrumdinger;
				PRODUCT_NAME = Scrumdinger;
				SDKROOT = macosx;
				SWIFT_EMIT_LOC_STRINGS = YES;
				SWIFT_VERSION = 5.0;
			};
			name = Release;
		};
		BE6BB5D127FC0ED400179437 /* Debug */ = {
			isa = XCBuildConfiguration;
			buildSettings = {
				ALWAYS_EMBED_SWIFT_STANDARD_LIBRARIES = YES;
				CODE_SIGN_STYLE = Automatic;
				CURRENT_PROJECT_VERSION = 1;
				GENERATE_INFOPLIST_FILE = YES;
				IPHONEOS_DEPLOYMENT_TARGET = 15.4;
				MARKETING_VERSION = 1.0;
				PRODUCT_BUNDLE_IDENTIFIER = "dev.Tests-iOS";
				PRODUCT_NAME = "$(TARGET_NAME)";
				SDKROOT = iphoneos;
				SWIFT_EMIT_LOC_STRINGS = NO;
				SWIFT_VERSION = 5.0;
				TARGETED_DEVICE_FAMILY = "1,2";
				TEST_TARGET_NAME = "Scrumdinger (iOS)";
			};
			name = Debug;
		};
		BE6BB5D227FC0ED400179437 /* Release */ = {
			isa = XCBuildConfiguration;
			buildSettings = {
				ALWAYS_EMBED_SWIFT_STANDARD_LIBRARIES = YES;
				CODE_SIGN_STYLE = Automatic;
				CURRENT_PROJECT_VERSION = 1;
				GENERATE_INFOPLIST_FILE = YES;
				IPHONEOS_DEPLOYMENT_TARGET = 15.4;
				MARKETING_VERSION = 1.0;
				PRODUCT_BUNDLE_IDENTIFIER = "dev.Tests-iOS";
				PRODUCT_NAME = "$(TARGET_NAME)";
				SDKROOT = iphoneos;
				SWIFT_EMIT_LOC_STRINGS = NO;
				SWIFT_VERSION = 5.0;
				TARGETED_DEVICE_FAMILY = "1,2";
				TEST_TARGET_NAME = "Scrumdinger (iOS)";
				VALIDATE_PRODUCT = YES;
			};
			name = Release;
		};
		BE6BB5D427FC0ED400179437 /* Debug */ = {
			isa = XCBuildConfiguration;
			buildSettings = {
				ALWAYS_EMBED_SWIFT_STANDARD_LIBRARIES = YES;
				CODE_SIGN_STYLE = Automatic;
				CURRENT_PROJECT_VERSION = 1;
				GENERATE_INFOPLIST_FILE = YES;
				MACOSX_DEPLOYMENT_TARGET = 12.1;
				MARKETING_VERSION = 1.0;
				PRODUCT_BUNDLE_IDENTIFIER = "dev.Tests-macOS";
				PRODUCT_NAME = "$(TARGET_NAME)";
				SDKROOT = macosx;
				SWIFT_EMIT_LOC_STRINGS = NO;
				SWIFT_VERSION = 5.0;
				TEST_TARGET_NAME = "Scrumdinger (macOS)";
			};
			name = Debug;
		};
		BE6BB5D527FC0ED400179437 /* Release */ = {
			isa = XCBuildConfiguration;
			buildSettings = {
				ALWAYS_EMBED_SWIFT_STANDARD_LIBRARIES = YES;
				CODE_SIGN_STYLE = Automatic;
				CURRENT_PROJECT_VERSION = 1;
				GENERATE_INFOPLIST_FILE = YES;
				MACOSX_DEPLOYMENT_TARGET = 12.1;
				MARKETING_VERSION = 1.0;
				PRODUCT_BUNDLE_IDENTIFIER = "dev.Tests-macOS";
				PRODUCT_NAME = "$(TARGET_NAME)";
				SDKROOT = macosx;
				SWIFT_EMIT_LOC_STRINGS = NO;
				SWIFT_VERSION = 5.0;
				TEST_TARGET_NAME = "Scrumdinger (macOS)";
			};
			name = Release;
		};
/* End XCBuildConfiguration section */

/* Begin XCConfigurationList section */
		BE6BB59827FC0ED200179437 /* Build configuration list for PBXProject "Scrumdinger" */ = {
			isa = XCConfigurationList;
			buildConfigurations = (
				BE6BB5C827FC0ED400179437 /* Debug */,
				BE6BB5C927FC0ED400179437 /* Release */,
			);
			defaultConfigurationIsVisible = 0;
			defaultConfigurationName = Release;
		};
		BE6BB5CA27FC0ED400179437 /* Build configuration list for PBXNativeTarget "Scrumdinger (iOS)" */ = {
			isa = XCConfigurationList;
			buildConfigurations = (
				BE6BB5CB27FC0ED400179437 /* Debug */,
				BE6BB5CC27FC0ED400179437 /* Release */,
			);
			defaultConfigurationIsVisible = 0;
			defaultConfigurationName = Release;
		};
		BE6BB5CD27FC0ED400179437 /* Build configuration list for PBXNativeTarget "Scrumdinger (macOS)" */ = {
			isa = XCConfigurationList;
			buildConfigurations = (
				BE6BB5CE27FC0ED400179437 /* Debug */,
				BE6BB5CF27FC0ED400179437 /* Release */,
			);
			defaultConfigurationIsVisible = 0;
			defaultConfigurationName = Release;
		};
		BE6BB5D027FC0ED400179437 /* Build configuration list for PBXNativeTarget "Tests iOS" */ = {
			isa = XCConfigurationList;
			buildConfigurations = (
				BE6BB5D127FC0ED400179437 /* Debug */,
				BE6BB5D227FC0ED400179437 /* Release */,
			);
			defaultConfigurationIsVisible = 0;
			defaultConfigurationName = Release;
		};
		BE6BB5D327FC0ED400179437 /* Build configuration list for PBXNativeTarget "Tests macOS" */ = {
			isa = XCConfigurationList;
			buildConfigurations = (
				BE6BB5D427FC0ED400179437 /* Debug */,
				BE6BB5D527FC0ED400179437 /* Release */,
			);
			defaultConfigurationIsVisible = 0;
			defaultConfigurationName = Release;
		};
/* End XCConfigurationList section */
	};
	rootObject = BE6BB59527FC0ED200179437 /* Project object */;
}
